
Microsoft Visual Studio Solution File, Format Version 12.00
# Visual Studio Version 17
VisualStudioVersion = 17.0.32112.339
MinimumVisualStudioVersion = 10.0.40219.1
Project("{FAE04EC0-301F-11D3-BF4B-00C04F79EFBC}") = "WexTrainningApplication", "WexTrainningApplication\WexTrainningApplication.csproj", "{C30E4130-9871-40DB-BE29-D30D2B220B6B}"
EndProject
Global
	GlobalSection(SolutionConfigurationPlatforms) = preSolution
		Debug|Any CPU = Debug|Any CPU
		Release|Any CPU = Release|Any CPU
	EndGlobalSection
	GlobalSection(ProjectConfigurationPlatforms) = postSolution
		{C30E4130-9871-40DB-BE29-D30D2B220B6B}.Debug|Any CPU.ActiveCfg = Debug|Any CPU
		{C30E4130-9871-40DB-BE29-D30D2B220B6B}.Debug|Any CPU.Build.0 = Debug|Any CPU
		{C30E4130-9871-40DB-BE29-D30D2B220B6B}.Release|Any CPU.ActiveCfg = Release|Any CPU
		{C30E4130-9871-40DB-BE29-D30D2B220B6B}.Release|Any CPU.Build.0 = Release|Any CPU
	EndGlobalSection
	GlobalSection(SolutionProperties) = preSolution
		HideSolutionNode = FALSE
	EndGlobalSection
	GlobalSection(ExtensibilityGlobals) = postSolution
		SolutionGuid = {D0C755C1-4346-43BB-8FC1-E725A4B19972}
	EndGlobalSection
EndGlobal
