
Microsoft Visual Studio Solution File, Format Version 12.00
# Visual Studio Version 17
VisualStudioVersion = 17.0.32112.339
MinimumVisualStudioVersion = 10.0.40219.1
Project("{FAE04EC0-301F-11D3-BF4B-00C04F79EFBC}") = "WexHomework3", "WexHomework3\WexHomework3.csproj", "{A25ED402-5CA6-4BFA-9FE4-A82DC7DD3C0B}"
EndProject
Global
	GlobalSection(SolutionConfigurationPlatforms) = preSolution
		Debug|Any CPU = Debug|Any CPU
		Release|Any CPU = Release|Any CPU
	EndGlobalSection
	GlobalSection(ProjectConfigurationPlatforms) = postSolution
		{A25ED402-5CA6-4BFA-9FE4-A82DC7DD3C0B}.Debug|Any CPU.ActiveCfg = Debug|Any CPU
		{A25ED402-5CA6-4BFA-9FE4-A82DC7DD3C0B}.Debug|Any CPU.Build.0 = Debug|Any CPU
		{A25ED402-5CA6-4BFA-9FE4-A82DC7DD3C0B}.Release|Any CPU.ActiveCfg = Release|Any CPU
		{A25ED402-5CA6-4BFA-9FE4-A82DC7DD3C0B}.Release|Any CPU.Build.0 = Release|Any CPU
	EndGlobalSection
	GlobalSection(SolutionProperties) = preSolution
		HideSolutionNode = FALSE
	EndGlobalSection
	GlobalSection(ExtensibilityGlobals) = postSolution
		SolutionGuid = {A2B82E57-9666-4636-B682-F2DBCB7D9337}
	EndGlobalSection
EndGlobal
